Microsoft Visual Studio Solution File, Format Version 12.00
# Visual Studio Version 16
VisualStudioVersion = 16.0.30114.105
MinimumVisualStudioVersion = 10.0.40219.1
Project("{FAE04EC0-301F-11D3-BF4B-00C04F79EFBC}") = "API", "API\API.csproj", "{836E2E49-2BAE-4894-8399-5607262133A4}"
EndProject
Project("{FAE04EC0-301F-11D3-BF4B-00C04F79EFBC}") = "Core", "Core\Core.csproj", "{4DCBE1F0-1DD8-4897-8F6E-29955F40EE22}"
EndProject
Project("{FAE04EC0-301F-11D3-BF4B-00C04F79EFBC}") = "Infrastructure", "Infrastructure\Infrastructure.csproj", "{3F2BEDDF-3210-4280-AFB3-55ABD80053D1}"
EndProject
Global
	GlobalSection(SolutionConfigurationPlatforms) = preSolution
		Debug|Any CPU = Debug|Any CPU
		Debug|x64 = Debug|x64
		Debug|x86 = Debug|x86
		Release|Any CPU = Release|Any CPU
		Release|x64 = Release|x64
		Release|x86 = Release|x86
	EndGlobalSection
	GlobalSection(SolutionProperties) = preSolution
		HideSolutionNode = FALSE
	EndGlobalSection
	GlobalSection(ProjectConfigurationPlatforms) = postSolution
		{836E2E49-2BAE-4894-8399-5607262133A4}.Debug|Any CPU.ActiveCfg = Debug|Any CPU
		{836E2E49-2BAE-4894-8399-5607262133A4}.Debug|Any CPU.Build.0 = Debug|Any CPU
		{836E2E49-2BAE-4894-8399-5607262133A4}.Debug|x64.ActiveCfg = Debug|Any CPU
		{836E2E49-2BAE-4894-8399-5607262133A4}.Debug|x64.Build.0 = Debug|Any CPU
		{836E2E49-2BAE-4894-8399-5607262133A4}.Debug|x86.ActiveCfg = Debug|Any CPU
		{836E2E49-2BAE-4894-8399-5607262133A4}.Debug|x86.Build.0 = Debug|Any CPU
		{836E2E49-2BAE-4894-8399-5607262133A4}.Release|Any CPU.ActiveCfg = Release|Any CPU
		{836E2E49-2BAE-4894-8399-5607262133A4}.Release|Any CPU.Build.0 = Release|Any CPU
		{836E2E49-2BAE-4894-8399-5607262133A4}.Release|x64.ActiveCfg = Release|Any CPU
		{836E2E49-2BAE-4894-8399-5607262133A4}.Release|x64.Build.0 = Release|Any CPU
		{836E2E49-2BAE-4894-8399-5607262133A4}.Release|x86.ActiveCfg = Release|Any CPU
		{836E2E49-2BAE-4894-8399-5607262133A4}.Release|x86.Build.0 = Release|Any CPU
		{4DCBE1F0-1DD8-4897-8F6E-29955F40EE22}.Debug|Any CPU.ActiveCfg = Debug|Any CPU
		{4DCBE1F0-1DD8-4897-8F6E-29955F40EE22}.Debug|Any CPU.Build.0 = Debug|Any CPU
		{4DCBE1F0-1DD8-4897-8F6E-29955F40EE22}.Debug|x64.ActiveCfg = Debug|Any CPU
		{4DCBE1F0-1DD8-4897-8F6E-29955F40EE22}.Debug|x64.Build.0 = Debug|Any CPU
		{4DCBE1F0-1DD8-4897-8F6E-29955F40EE22}.Debug|x86.ActiveCfg = Debug|Any CPU
		{4DCBE1F0-1DD8-4897-8F6E-29955F40EE22}.Debug|x86.Build.0 = Debug|Any CPU
		{4DCBE1F0-1DD8-4897-8F6E-29955F40EE22}.Release|Any CPU.ActiveCfg = Release|Any CPU
		{4DCBE1F0-1DD8-4897-8F6E-29955F40EE22}.Release|Any CPU.Build.0 = Release|Any CPU
		{4DCBE1F0-1DD8-4897-8F6E-29955F40EE22}.Release|x64.ActiveCfg = Release|Any CPU
		{4DCBE1F0-1DD8-4897-8F6E-29955F40EE22}.Release|x64.Build.0 = Release|Any CPU
		{4DCBE1F0-1DD8-4897-8F6E-29955F40EE22}.Release|x86.ActiveCfg = Release|Any CPU
		{4DCBE1F0-1DD8-4897-8F6E-29955F40EE22}.Release|x86.Build.0 = Release|Any CPU
		{3F2BEDDF-3210-4280-AFB3-55ABD80053D1}.Debug|Any CPU.ActiveCfg = Debug|Any CPU
		{3F2BEDDF-3210-4280-AFB3-55ABD80053D1}.Debug|Any CPU.Build.0 = Debug|Any CPU
		{3F2BEDDF-3210-4280-AFB3-55ABD80053D1}.Debug|x64.ActiveCfg = Debug|Any CPU
		{3F2BEDDF-3210-4280-AFB3-55ABD80053D1}.Debug|x64.Build.0 = Debug|Any CPU
		{3F2BEDDF-3210-4280-AFB3-55ABD80053D1}.Debug|x86.ActiveCfg = Debug|Any CPU
		{3F2BEDDF-3210-4280-AFB3-55ABD80053D1}.Debug|x86.Build.0 = Debug|Any CPU
		{3F2BEDDF-3210-4280-AFB3-55ABD80053D1}.Release|Any CPU.ActiveCfg = Release|Any CPU
		{3F2BEDDF-3210-4280-AFB3-55ABD80053D1}.Release|Any CPU.Build.0 = Release|Any CPU
		{3F2BEDDF-3210-4280-AFB3-55ABD80053D1}.Release|x64.ActiveCfg = Release|Any CPU
		{3F2BEDDF-3210-4280-AFB3-55ABD80053D1}.Release|x64.Build.0 = Release|Any CPU
		{3F2BEDDF-3210-4280-AFB3-55ABD80053D1}.Release|x86.ActiveCfg = Release|Any CPU
		{3F2BEDDF-3210-4280-AFB3-55ABD80053D1}.Release|x86.Build.0 = Release|Any CPU
	EndGlobalSection
EndGlobal
